
Microsoft Visual Studio Solution File, Format Version 12.00
# Visual Studio 14
VisualStudioVersion = 14.0.25420.1
MinimumVisualStudioVersion = 10.0.40219.1
Project("{159641D6-6404-4A2A-AE62-294DE0FE8301}") = "CoffeeMerchant-repo", "CoffeeMerchant-repo\CoffeeMerchant-repo.dtproj", "{D37BAAFA-8CB5-47F7-89B9-07FD169203C4}"
EndProject
Global
	GlobalSection(SolutionConfigurationPlatforms) = preSolution
		Development|Default = Development|Default
	EndGlobalSection
	GlobalSection(ProjectConfigurationPlatforms) = postSolution
		{D37BAAFA-8CB5-47F7-89B9-07FD169203C4}.Development|Default.ActiveCfg = Development
		{D37BAAFA-8CB5-47F7-89B9-07FD169203C4}.Development|Default.Build.0 = Development
	EndGlobalSection
	GlobalSection(SolutionProperties) = preSolution
		HideSolutionNode = FALSE
	EndGlobalSection
EndGlobal
